
Microsoft Visual Studio Solution File, Format Version 12.00
# Visual Studio Version 16
VisualStudioVersion = 16.0.29519.181
MinimumVisualStudioVersion = 10.0.40219.1
Project("{9A19103F-16F7-4668-BE54-9A1E7A4F7556}") = "Cindy", "Cindy\Cindy.csproj", "{B9107F87-E67A-41F7-8CB6-6537DD290C3D}"
EndProject
Project("{9A19103F-16F7-4668-BE54-9A1E7A4F7556}") = "Cindy.Storages", "Storages\Cindy.Storages.csproj", "{D9C15E60-9A0D-4AEE-83BD-70A73BC6AD43}"
EndProject
Project("{FAE04EC0-301F-11D3-BF4B-00C04F79EFBC}") = "UnitTest", "UnitTest\UnitTest.csproj", "{4066D5B4-540C-48D9-9E1D-9356D3E93E51}"
EndProject
Project("{FAE04EC0-301F-11D3-BF4B-00C04F79EFBC}") = "Cindy.Strings", "Cindy.Strings\Cindy.Strings.csproj", "{90D1BB86-FF23-475E-A403-088586184477}"
EndProject
Global
	GlobalSection(SolutionConfigurationPlatforms) = preSolution
		Debug|Any CPU = Debug|Any CPU
		Release|Any CPU = Release|Any CPU
	EndGlobalSection
	GlobalSection(ProjectConfigurationPlatforms) = postSolution
		{B9107F87-E67A-41F7-8CB6-6537DD290C3D}.Debug|Any CPU.ActiveCfg = Debug|Any CPU
		{B9107F87-E67A-41F7-8CB6-6537DD290C3D}.Debug|Any CPU.Build.0 = Debug|Any CPU
		{B9107F87-E67A-41F7-8CB6-6537DD290C3D}.Release|Any CPU.ActiveCfg = Release|Any CPU
		{B9107F87-E67A-41F7-8CB6-6537DD290C3D}.Release|Any CPU.Build.0 = Release|Any CPU
		{D9C15E60-9A0D-4AEE-83BD-70A73BC6AD43}.Debug|Any CPU.ActiveCfg = Debug|Any CPU
		{D9C15E60-9A0D-4AEE-83BD-70A73BC6AD43}.Debug|Any CPU.Build.0 = Debug|Any CPU
		{D9C15E60-9A0D-4AEE-83BD-70A73BC6AD43}.Release|Any CPU.ActiveCfg = Release|Any CPU
		{D9C15E60-9A0D-4AEE-83BD-70A73BC6AD43}.Release|Any CPU.Build.0 = Release|Any CPU
		{4066D5B4-540C-48D9-9E1D-9356D3E93E51}.Debug|Any CPU.ActiveCfg = Debug|Any CPU
		{4066D5B4-540C-48D9-9E1D-9356D3E93E51}.Debug|Any CPU.Build.0 = Debug|Any CPU
		{4066D5B4-540C-48D9-9E1D-9356D3E93E51}.Release|Any CPU.ActiveCfg = Release|Any CPU
		{4066D5B4-540C-48D9-9E1D-9356D3E93E51}.Release|Any CPU.Build.0 = Release|Any CPU
		{90D1BB86-FF23-475E-A403-088586184477}.Debug|Any CPU.ActiveCfg = Debug|Any CPU
		{90D1BB86-FF23-475E-A403-088586184477}.Debug|Any CPU.Build.0 = Debug|Any CPU
		{90D1BB86-FF23-475E-A403-088586184477}.Release|Any CPU.ActiveCfg = Release|Any CPU
		{90D1BB86-FF23-475E-A403-088586184477}.Release|Any CPU.Build.0 = Release|Any CPU
	EndGlobalSection
	GlobalSection(SolutionProperties) = preSolution
		HideSolutionNode = FALSE
	EndGlobalSection
	GlobalSection(ExtensibilityGlobals) = postSolution
		SolutionGuid = {399148B9-519E-4006-AC92-96CBB14784C9}
	EndGlobalSection
EndGlobal
